<?xml version="1.0" encoding="UTF-8" standalone="yes" ?>
<CodeBlocks_project_file>
	<FileVersion major="1" minor="6" />
	<Project>
		<Option title="libShadowDive" />
		<Option pch_mode="2" />
		<Option compiler="gcc" />
		<Build>
			<Target title="Debug">
				<Option output="lib/shadowdive" prefix_auto="1" extension_auto="1" />
				<Option working_dir="" />
				<Option object_output="obj/" />
				<Option type="2" />
				<Option compiler="gcc" />
				<Option createDefFile="1" />
				<Compiler>
					<Add option="-Wall" />
					<Add option="-g" />
				</Compiler>
			</Target>
			<Target title="Release">
				<Option output="lib/shadowdive" prefix_auto="1" extension_auto="1" />
				<Option working_dir="" />
				<Option object_output="obj/" />
				<Option type="2" />
				<Option compiler="gcc" />
				<Option createDefFile="1" />
				<Compiler>
					<Add option="-Wall" />
					<Add option="-O2" />
				</Compiler>
				<Linker>
					<Add option="-s" />
				</Linker>
			</Target>
			<Target title="Test">
				<Option output="bin/test" prefix_auto="1" extension_auto="1" />
				<Option working_dir="bin/" />
				<Option object_output="obj/" />
				<Option type="1" />
				<Option compiler="gcc" />
				<Option use_console_runner="0" />
				<Linker>
					<Add library="shadowdive" />
					<Add directory="lib/" />
				</Linker>
			</Target>
		</Build>
		<Compiler>
			<Add option="-std=c99" />
			<Add directory="include/" />
		</Compiler>
		<Unit filename="include/animation.h">
			<Option target="Debug" />
			<Option target="Release" />
		</Unit>
		<Unit filename="include/bk.h">
			<Option target="Debug" />
			<Option target="Release" />
		</Unit>
		<Unit filename="include/internal/reader.h">
			<Option target="Debug" />
			<Option target="Release" />
		</Unit>
		<Unit filename="include/internal/writer.h">
			<Option target="Debug" />
			<Option target="Release" />
		</Unit>
		<Unit filename="include/palette.h">
			<Option target="Debug" />
			<Option target="Release" />
		</Unit>
		<Unit filename="include/rgba_image.h">
			<Option target="Debug" />
			<Option target="Release" />
		</Unit>
		<Unit filename="include/sprite.h">
			<Option target="Debug" />
			<Option target="Release" />
		</Unit>
		<Unit filename="include/sprite_image.h">
			<Option target="Debug" />
			<Option target="Release" />
		</Unit>
		<Unit filename="include/vga_image.h">
			<Option target="Debug" />
			<Option target="Release" />
		</Unit>
		<Unit filename="src/animation.c">
			<Option compilerVar="CC" />
			<Option target="Debug" />
			<Option target="Release" />
		</Unit>
		<Unit filename="src/bk.c">
			<Option compilerVar="CC" />
			<Option target="Debug" />
			<Option target="Release" />
		</Unit>
		<Unit filename="src/internal/reader.c">
			<Option compilerVar="CC" />
			<Option target="Debug" />
			<Option target="Release" />
		</Unit>
		<Unit filename="src/internal/writer.c">
			<Option compilerVar="CC" />
			<Option target="Debug" />
			<Option target="Release" />
		</Unit>
		<Unit filename="src/palette.c">
			<Option compilerVar="CC" />
			<Option target="Debug" />
			<Option target="Release" />
		</Unit>
		<Unit filename="src/rgba_image.c">
			<Option compilerVar="CC" />
			<Option target="Debug" />
			<Option target="Release" />
		</Unit>
		<Unit filename="src/sprite.c">
			<Option compilerVar="CC" />
			<Option target="Debug" />
			<Option target="Release" />
		</Unit>
		<Unit filename="src/sprite_image.c">
			<Option compilerVar="CC" />
			<Option target="Debug" />
			<Option target="Release" />
		</Unit>
		<Unit filename="src/vga_image.c">
			<Option compilerVar="CC" />
			<Option target="Debug" />
			<Option target="Release" />
		</Unit>
		<Unit filename="test/test_main.c">
			<Option compilerVar="CC" />
			<Option target="Test" />
		</Unit>
		<Extensions>
			<code_completion />
			<envvars />
			<debugger />
			<lib_finder disable_auto="1" />
		</Extensions>
	</Project>
</CodeBlocks_project_file>
